
Microsoft Visual Studio Solution File, Format Version 12.00
# Visual Studio 15
VisualStudioVersion = 15.0.27130.2027
MinimumVisualStudioVersion = 10.0.40219.1
Project("{FAE04EC0-301F-11D3-BF4B-00C04F79EFBC}") = "orbiter1", "orbiter1\orbiter1.csproj", "{B9AAE441-E795-4F7F-8208-861C78050F1F}"
EndProject
Global
	GlobalSection(SolutionConfigurationPlatforms) = preSolution
		Debug|Any CPU = Debug|Any CPU
		Release|Any CPU = Release|Any CPU
	EndGlobalSection
	GlobalSection(ProjectConfigurationPlatforms) = postSolution
		{B9AAE441-E795-4F7F-8208-861C78050F1F}.Debug|Any CPU.ActiveCfg = Debug|Any CPU
		{B9AAE441-E795-4F7F-8208-861C78050F1F}.Debug|Any CPU.Build.0 = Debug|Any CPU
		{B9AAE441-E795-4F7F-8208-861C78050F1F}.Release|Any CPU.ActiveCfg = Release|Any CPU
		{B9AAE441-E795-4F7F-8208-861C78050F1F}.Release|Any CPU.Build.0 = Release|Any CPU
	EndGlobalSection
	GlobalSection(SolutionProperties) = preSolution
		HideSolutionNode = FALSE
	EndGlobalSection
	GlobalSection(ExtensibilityGlobals) = postSolution
		SolutionGuid = {44123291-BBA5-42A0-B58B-BF890F9279E9}
	EndGlobalSection
EndGlobal
